{
  "name": "etar",
  "version": "1.0.0",
  "lockfileVersion": 1,
  "requires": true,
  "dependencies": {
    "web-audio-peak-meter": {
      "version": "1.0.0",
      "resolved": "https://registry.npmjs.org/web-audio-peak-meter/-/web-audio-peak-meter-1.0.0.tgz",
      "integrity": "sha1-zZiNbnPqBSM1QIX7oxuGfQ9xNSM=",
      "dev": true
    }
  }
}
